
Microsoft Visual Studio Solution File, Format Version 12.00
# Visual Studio Version 17
VisualStudioVersion = 17.13.35919.96
MinimumVisualStudioVersion = 10.0.40219.1
Project("{FAE04EC0-301F-11D3-BF4B-00C04F79EFBC}") = "DesignPattern", "DesignPattern\DesignPattern.csproj", "{6F9FB08D-1819-495B-B23C-E26A7B0B9E6B}"
EndProject
Project("{FAE04EC0-301F-11D3-BF4B-00C04F79EFBC}") = "DesignPatternsAsp", "DesignPatternsAsp\DesignPatternsAsp.csproj", "{061C5254-52DD-4AA0-A9F4-30BA42219175}"
EndProject
Project("{FAE04EC0-301F-11D3-BF4B-00C04F79EFBC}") = "Tools", "Tools\Tools.csproj", "{A6360C47-4BF9-4E62-A9B0-8345BF9A183B}"
EndProject
Project("{FAE04EC0-301F-11D3-BF4B-00C04F79EFBC}") = "DesignPatterns.Models", "DesignPatterns.Models\DesignPatterns.Models.csproj", "{2595430A-6006-4C65-859A-0B45DEA89F65}"
EndProject
Project("{FAE04EC0-301F-11D3-BF4B-00C04F79EFBC}") = "DesignPatterns.Repository", "DesignPatterns.Repository\DesignPatterns.Repository.csproj", "{91966149-AEE4-4383-B23B-6EED802E3BFB}"
EndProject
Global
	GlobalSection(SolutionConfigurationPlatforms) = preSolution
		Debug|Any CPU = Debug|Any CPU
		Release|Any CPU = Release|Any CPU
	EndGlobalSection
	GlobalSection(ProjectConfigurationPlatforms) = postSolution
		{6F9FB08D-1819-495B-B23C-E26A7B0B9E6B}.Debug|Any CPU.ActiveCfg = Debug|Any CPU
		{6F9FB08D-1819-495B-B23C-E26A7B0B9E6B}.Debug|Any CPU.Build.0 = Debug|Any CPU
		{6F9FB08D-1819-495B-B23C-E26A7B0B9E6B}.Release|Any CPU.ActiveCfg = Release|Any CPU
		{6F9FB08D-1819-495B-B23C-E26A7B0B9E6B}.Release|Any CPU.Build.0 = Release|Any CPU
		{061C5254-52DD-4AA0-A9F4-30BA42219175}.Debug|Any CPU.ActiveCfg = Debug|Any CPU
		{061C5254-52DD-4AA0-A9F4-30BA42219175}.Debug|Any CPU.Build.0 = Debug|Any CPU
		{061C5254-52DD-4AA0-A9F4-30BA42219175}.Release|Any CPU.ActiveCfg = Release|Any CPU
		{061C5254-52DD-4AA0-A9F4-30BA42219175}.Release|Any CPU.Build.0 = Release|Any CPU
		{A6360C47-4BF9-4E62-A9B0-8345BF9A183B}.Debug|Any CPU.ActiveCfg = Debug|Any CPU
		{A6360C47-4BF9-4E62-A9B0-8345BF9A183B}.Debug|Any CPU.Build.0 = Debug|Any CPU
		{A6360C47-4BF9-4E62-A9B0-8345BF9A183B}.Release|Any CPU.ActiveCfg = Release|Any CPU
		{A6360C47-4BF9-4E62-A9B0-8345BF9A183B}.Release|Any CPU.Build.0 = Release|Any CPU
		{2595430A-6006-4C65-859A-0B45DEA89F65}.Debug|Any CPU.ActiveCfg = Debug|Any CPU
		{2595430A-6006-4C65-859A-0B45DEA89F65}.Debug|Any CPU.Build.0 = Debug|Any CPU
		{2595430A-6006-4C65-859A-0B45DEA89F65}.Release|Any CPU.ActiveCfg = Release|Any CPU
		{2595430A-6006-4C65-859A-0B45DEA89F65}.Release|Any CPU.Build.0 = Release|Any CPU
		{91966149-AEE4-4383-B23B-6EED802E3BFB}.Debug|Any CPU.ActiveCfg = Debug|Any CPU
		{91966149-AEE4-4383-B23B-6EED802E3BFB}.Debug|Any CPU.Build.0 = Debug|Any CPU
		{91966149-AEE4-4383-B23B-6EED802E3BFB}.Release|Any CPU.ActiveCfg = Release|Any CPU
		{91966149-AEE4-4383-B23B-6EED802E3BFB}.Release|Any CPU.Build.0 = Release|Any CPU
	EndGlobalSection
	GlobalSection(SolutionProperties) = preSolution
		HideSolutionNode = FALSE
	EndGlobalSection
	GlobalSection(ExtensibilityGlobals) = postSolution
		SolutionGuid = {2E74C25D-17CD-4598-9D54-878302671C9B}
	EndGlobalSection
EndGlobal
